
Microsoft Visual Studio Solution File, Format Version 12.00
# Visual Studio Version 17
VisualStudioVersion = 17.4.33213.308
MinimumVisualStudioVersion = 10.0.40219.1
Project("{FAE04EC0-301F-11D3-BF4B-00C04F79EFBC}") = "WPF进程管理器", "WPF进程管理器.csproj", "{B748C9D8-583D-4698-AAED-1AFFA33AFC27}"
EndProject
Global
	GlobalSection(SolutionConfigurationPlatforms) = preSolution
		Debug|Any CPU = Debug|Any CPU
		Release|Any CPU = Release|Any CPU
	EndGlobalSection
	GlobalSection(ProjectConfigurationPlatforms) = postSolution
		{B748C9D8-583D-4698-AAED-1AFFA33AFC27}.Debug|Any CPU.ActiveCfg = Debug|Any CPU
		{B748C9D8-583D-4698-AAED-1AFFA33AFC27}.Debug|Any CPU.Build.0 = Debug|Any CPU
		{B748C9D8-583D-4698-AAED-1AFFA33AFC27}.Release|Any CPU.ActiveCfg = Release|Any CPU
		{B748C9D8-583D-4698-AAED-1AFFA33AFC27}.Release|Any CPU.Build.0 = Release|Any CPU
	EndGlobalSection
	GlobalSection(SolutionProperties) = preSolution
		HideSolutionNode = FALSE
	EndGlobalSection
	GlobalSection(ExtensibilityGlobals) = postSolution
		SolutionGuid = {33EE95AD-055A-4BC5-88B2-64D41EDACD8B}
	EndGlobalSection
EndGlobal
